
Microsoft Visual Studio Solution File, Format Version 12.00
# Visual Studio Version 17
VisualStudioVersion = 17.14.37216.2
MinimumVisualStudioVersion = 10.0.40219.1
Project("{2150E333-8FDC-42A3-9474-1A3956D46DE8}") = "src", "src", "{02EA681E-C7D8-13C7-8484-4AC65E1B71E8}"
EndProject
Project("{2150E333-8FDC-42A3-9474-1A3956D46DE8}") = "tests", "tests", "{5FCDD130-F2A5-423E-9380-3C58E8CDD843}"
EndProject
Project("{FAE04EC0-301F-11D3-BF4B-00C04F79EFBC}") = "Domain", "Domain\Domain.csproj", "{26FE14A5-0B8A-43DC-BD5F-E06F0380CB4F}"
EndProject
Project("{FAE04EC0-301F-11D3-BF4B-00C04F79EFBC}") = "Application", "Application\Application.csproj", "{667CD4CA-6CF9-41B4-A0ED-D46A110DF067}"
EndProject
Project("{FAE04EC0-301F-11D3-BF4B-00C04F79EFBC}") = "Infrastructure", "Infrastructure\Infrastructure.csproj", "{78A752E1-6FFF-4EBE-986B-1BF7CA8FF38B}"
EndProject
Project("{FAE04EC0-301F-11D3-BF4B-00C04F79EFBC}") = "Api", "Api\Api.csproj", "{D5BFE966-84B8-482F-B744-F0134B46143F}"
EndProject
Project("{FAE04EC0-301F-11D3-BF4B-00C04F79EFBC}") = "Domain.Tests", "Domain.Tests\Domain.Tests.csproj", "{6712C262-219F-446D-8F64-757BE505234F}"
EndProject
Project("{FAE04EC0-301F-11D3-BF4B-00C04F79EFBC}") = "Application.Tests", "Application.Tests\Application.Tests.csproj", "{C7BB4EE7-F15D-4953-AC8D-91479C456FCA}"
EndProject
Project("{FAE04EC0-301F-11D3-BF4B-00C04F79EFBC}") = "Api.Tests", "Api.Tests\Api.Tests.csproj", "{2663C820-ED9D-4CAC-9D5B-594184A4761E}"
EndProject
Global
	GlobalSection(SolutionConfigurationPlatforms) = preSolution
		Debug|Any CPU = Debug|Any CPU
		Release|Any CPU = Release|Any CPU
	EndGlobalSection
	GlobalSection(ProjectConfigurationPlatforms) = postSolution
		{26FE14A5-0B8A-43DC-BD5F-E06F0380CB4F}.Debug|Any CPU.ActiveCfg = Debug|Any CPU
		{26FE14A5-0B8A-43DC-BD5F-E06F0380CB4F}.Debug|Any CPU.Build.0 = Debug|Any CPU
		{26FE14A5-0B8A-43DC-BD5F-E06F0380CB4F}.Release|Any CPU.ActiveCfg = Release|Any CPU
		{26FE14A5-0B8A-43DC-BD5F-E06F0380CB4F}.Release|Any CPU.Build.0 = Release|Any CPU
		{667CD4CA-6CF9-41B4-A0ED-D46A110DF067}.Debug|Any CPU.ActiveCfg = Debug|Any CPU
		{667CD4CA-6CF9-41B4-A0ED-D46A110DF067}.Debug|Any CPU.Build.0 = Debug|Any CPU
		{667CD4CA-6CF9-41B4-A0ED-D46A110DF067}.Release|Any CPU.ActiveCfg = Release|Any CPU
		{667CD4CA-6CF9-41B4-A0ED-D46A110DF067}.Release|Any CPU.Build.0 = Release|Any CPU
		{78A752E1-6FFF-4EBE-986B-1BF7CA8FF38B}.Debug|Any CPU.ActiveCfg = Debug|Any CPU
		{78A752E1-6FFF-4EBE-986B-1BF7CA8FF38B}.Debug|Any CPU.Build.0 = Debug|Any CPU
		{78A752E1-6FFF-4EBE-986B-1BF7CA8FF38B}.Release|Any CPU.ActiveCfg = Release|Any CPU
		{78A752E1-6FFF-4EBE-986B-1BF7CA8FF38B}.Release|Any CPU.Build.0 = Release|Any CPU
		{D5BFE966-84B8-482F-B744-F0134B46143F}.Debug|Any CPU.ActiveCfg = Debug|Any CPU
		{D5BFE966-84B8-482F-B744-F0134B46143F}.Debug|Any CPU.Build.0 = Debug|Any CPU
		{D5BFE966-84B8-482F-B744-F0134B46143F}.Release|Any CPU.ActiveCfg = Release|Any CPU
		{D5BFE966-84B8-482F-B744-F0134B46143F}.Release|Any CPU.Build.0 = Release|Any CPU
		{6712C262-219F-446D-8F64-757BE505234F}.Debug|Any CPU.ActiveCfg = Debug|Any CPU
		{6712C262-219F-446D-8F64-757BE505234F}.Debug|Any CPU.Build.0 = Debug|Any CPU
		{6712C262-219F-446D-8F64-757BE505234F}.Release|Any CPU.ActiveCfg = Release|Any CPU
		{6712C262-219F-446D-8F64-757BE505234F}.Release|Any CPU.Build.0 = Release|Any CPU
		{C7BB4EE7-F15D-4953-AC8D-91479C456FCA}.Debug|Any CPU.ActiveCfg = Debug|Any CPU
		{C7BB4EE7-F15D-4953-AC8D-91479C456FCA}.Debug|Any CPU.Build.0 = Debug|Any CPU
		{C7BB4EE7-F15D-4953-AC8D-91479C456FCA}.Release|Any CPU.ActiveCfg = Release|Any CPU
		{C7BB4EE7-F15D-4953-AC8D-91479C456FCA}.Release|Any CPU.Build.0 = Release|Any CPU
		{2663C820-ED9D-4CAC-9D5B-594184A4761E}.Debug|Any CPU.ActiveCfg = Debug|Any CPU
		{2663C820-ED9D-4CAC-9D5B-594184A4761E}.Debug|Any CPU.Build.0 = Debug|Any CPU
		{2663C820-ED9D-4CAC-9D5B-594184A4761E}.Release|Any CPU.ActiveCfg = Release|Any CPU
		{2663C820-ED9D-4CAC-9D5B-594184A4761E}.Release|Any CPU.Build.0 = Release|Any CPU
	EndGlobalSection
	GlobalSection(SolutionProperties) = preSolution
		HideSolutionNode = FALSE
	EndGlobalSection
	GlobalSection(NestedProjects) = preSolution
		{26FE14A5-0B8A-43DC-BD5F-E06F0380CB4F} = {02EA681E-C7D8-13C7-8484-4AC65E1B71E8}
		{667CD4CA-6CF9-41B4-A0ED-D46A110DF067} = {02EA681E-C7D8-13C7-8484-4AC65E1B71E8}
		{78A752E1-6FFF-4EBE-986B-1BF7CA8FF38B} = {02EA681E-C7D8-13C7-8484-4AC65E1B71E8}
		{D5BFE966-84B8-482F-B744-F0134B46143F} = {02EA681E-C7D8-13C7-8484-4AC65E1B71E8}
		{6712C262-219F-446D-8F64-757BE505234F} = {5FCDD130-F2A5-423E-9380-3C58E8CDD843}
		{C7BB4EE7-F15D-4953-AC8D-91479C456FCA} = {5FCDD130-F2A5-423E-9380-3C58E8CDD843}
		{2663C820-ED9D-4CAC-9D5B-594184A4761E} = {5FCDD130-F2A5-423E-9380-3C58E8CDD843}
	EndGlobalSection
	GlobalSection(ExtensibilityGlobals) = postSolution
		SolutionGuid = {E552EBEC-6CA8-4FFF-92D3-55813FB3A709}
	EndGlobalSection
EndGlobal
